
Microsoft Visual Studio Solution File, Format Version 12.00
# Visual Studio 15
VisualStudioVersion = 15.0.26730.10
MinimumVisualStudioVersion = 10.0.40219.1
Project("{FAE04EC0-301F-11D3-BF4B-00C04F79EFBC}") = "Zork-Grupp-L", "Zork-Grupp-L.csproj", "{CD3513A8-7AF4-4A72-ACC4-EAD8AE4C4ECF}"
EndProject
Global
	GlobalSection(SolutionConfigurationPlatforms) = preSolution
		Debug|Any CPU = Debug|Any CPU
		Release|Any CPU = Release|Any CPU
	EndGlobalSection
	GlobalSection(ProjectConfigurationPlatforms) = postSolution
		{CD3513A8-7AF4-4A72-ACC4-EAD8AE4C4ECF}.Debug|Any CPU.ActiveCfg = Debug|Any CPU
		{CD3513A8-7AF4-4A72-ACC4-EAD8AE4C4ECF}.Debug|Any CPU.Build.0 = Debug|Any CPU
		{CD3513A8-7AF4-4A72-ACC4-EAD8AE4C4ECF}.Release|Any CPU.ActiveCfg = Release|Any CPU
		{CD3513A8-7AF4-4A72-ACC4-EAD8AE4C4ECF}.Release|Any CPU.Build.0 = Release|Any CPU
	EndGlobalSection
	GlobalSection(SolutionProperties) = preSolution
		HideSolutionNode = FALSE
	EndGlobalSection
	GlobalSection(ExtensibilityGlobals) = postSolution
		SolutionGuid = {28DE3EFD-C61A-4F0C-AE43-D57EE1B450CC}
	EndGlobalSection
EndGlobal
